
Microsoft Visual Studio Solution File, Format Version 12.00
# Visual Studio Version 16
VisualStudioVersion = 16.0.31005.135
MinimumVisualStudioVersion = 10.0.40219.1
Project("{2150E333-8FDC-42A3-9474-1A3956D46DE8}") = "Tests", "Tests", "{A12EEFF7-2115-4BAE-813E-E8305284EF2C}"
EndProject
Project("{9A19103F-16F7-4668-BE54-9A1E7A4F7556}") = "TestConsole", "Tests\TestConsole\TestConsole.csproj", "{11096593-E974-4711-A207-6A7542529FB7}"
EndProject
Project("{9A19103F-16F7-4668-BE54-9A1E7A4F7556}") = "TestWPF", "Tests\TestWPF\TestWPF.csproj", "{D5615897-5418-432C-A8F0-00192E611094}"
EndProject
Project("{9A19103F-16F7-4668-BE54-9A1E7A4F7556}") = "MailSender.lib", "MailSender.lib\MailSender.lib.csproj", "{A443EA8D-E9F0-4E85-9E7E-B5EA8DB3DB4B}"
EndProject
Project("{9A19103F-16F7-4668-BE54-9A1E7A4F7556}") = "TestWPF.Tests", "Tests\TestWPF.Tests\TestWPF.Tests.csproj", "{630F4F42-F1BE-4EFA-8273-5E0C37D8A0B7}"
EndProject
Project("{9A19103F-16F7-4668-BE54-9A1E7A4F7556}") = "MailSender.lib.Tests", "Tests\MailSender.lib.Tests\MailSender.lib.Tests.csproj", "{66454B17-436E-441A-8ECF-4AC75CD0BDB8}"
EndProject
Project("{2150E333-8FDC-42A3-9474-1A3956D46DE8}") = "TestProject", "TestProject", "{2F1C0106-3474-43CA-A3C0-68252BEFF33B}"
EndProject
Project("{FAE04EC0-301F-11D3-BF4B-00C04F79EFBC}") = "Dz5", "Dz5\Dz5.csproj", "{32E4C533-7832-44A7-BAF5-C68667699AE9}"
EndProject
Global
	GlobalSection(SolutionConfigurationPlatforms) = preSolution
		Debug|Any CPU = Debug|Any CPU
		Release|Any CPU = Release|Any CPU
	EndGlobalSection
	GlobalSection(ProjectConfigurationPlatforms) = postSolution
		{11096593-E974-4711-A207-6A7542529FB7}.Debug|Any CPU.ActiveCfg = Debug|Any CPU
		{11096593-E974-4711-A207-6A7542529FB7}.Debug|Any CPU.Build.0 = Debug|Any CPU
		{11096593-E974-4711-A207-6A7542529FB7}.Release|Any CPU.ActiveCfg = Release|Any CPU
		{11096593-E974-4711-A207-6A7542529FB7}.Release|Any CPU.Build.0 = Release|Any CPU
		{D5615897-5418-432C-A8F0-00192E611094}.Debug|Any CPU.ActiveCfg = Debug|Any CPU
		{D5615897-5418-432C-A8F0-00192E611094}.Debug|Any CPU.Build.0 = Debug|Any CPU
		{D5615897-5418-432C-A8F0-00192E611094}.Release|Any CPU.ActiveCfg = Release|Any CPU
		{D5615897-5418-432C-A8F0-00192E611094}.Release|Any CPU.Build.0 = Release|Any CPU
		{A443EA8D-E9F0-4E85-9E7E-B5EA8DB3DB4B}.Debug|Any CPU.ActiveCfg = Debug|Any CPU
		{A443EA8D-E9F0-4E85-9E7E-B5EA8DB3DB4B}.Debug|Any CPU.Build.0 = Debug|Any CPU
		{A443EA8D-E9F0-4E85-9E7E-B5EA8DB3DB4B}.Release|Any CPU.ActiveCfg = Release|Any CPU
		{A443EA8D-E9F0-4E85-9E7E-B5EA8DB3DB4B}.Release|Any CPU.Build.0 = Release|Any CPU
		{630F4F42-F1BE-4EFA-8273-5E0C37D8A0B7}.Debug|Any CPU.ActiveCfg = Debug|Any CPU
		{630F4F42-F1BE-4EFA-8273-5E0C37D8A0B7}.Debug|Any CPU.Build.0 = Debug|Any CPU
		{630F4F42-F1BE-4EFA-8273-5E0C37D8A0B7}.Release|Any CPU.ActiveCfg = Release|Any CPU
		{630F4F42-F1BE-4EFA-8273-5E0C37D8A0B7}.Release|Any CPU.Build.0 = Release|Any CPU
		{66454B17-436E-441A-8ECF-4AC75CD0BDB8}.Debug|Any CPU.ActiveCfg = Debug|Any CPU
		{66454B17-436E-441A-8ECF-4AC75CD0BDB8}.Debug|Any CPU.Build.0 = Debug|Any CPU
		{66454B17-436E-441A-8ECF-4AC75CD0BDB8}.Release|Any CPU.ActiveCfg = Release|Any CPU
		{66454B17-436E-441A-8ECF-4AC75CD0BDB8}.Release|Any CPU.Build.0 = Release|Any CPU
		{32E4C533-7832-44A7-BAF5-C68667699AE9}.Debug|Any CPU.ActiveCfg = Debug|Any CPU
		{32E4C533-7832-44A7-BAF5-C68667699AE9}.Debug|Any CPU.Build.0 = Debug|Any CPU
		{32E4C533-7832-44A7-BAF5-C68667699AE9}.Release|Any CPU.ActiveCfg = Release|Any CPU
		{32E4C533-7832-44A7-BAF5-C68667699AE9}.Release|Any CPU.Build.0 = Release|Any CPU
	EndGlobalSection
	GlobalSection(SolutionProperties) = preSolution
		HideSolutionNode = FALSE
	EndGlobalSection
	GlobalSection(NestedProjects) = preSolution
		{11096593-E974-4711-A207-6A7542529FB7} = {A12EEFF7-2115-4BAE-813E-E8305284EF2C}
		{630F4F42-F1BE-4EFA-8273-5E0C37D8A0B7} = {A12EEFF7-2115-4BAE-813E-E8305284EF2C}
		{66454B17-436E-441A-8ECF-4AC75CD0BDB8} = {A12EEFF7-2115-4BAE-813E-E8305284EF2C}
		{32E4C533-7832-44A7-BAF5-C68667699AE9} = {2F1C0106-3474-43CA-A3C0-68252BEFF33B}
	EndGlobalSection
	GlobalSection(ExtensibilityGlobals) = postSolution
		SolutionGuid = {07FF710E-D6D9-4CCB-B057-652F26F4F115}
	EndGlobalSection
EndGlobal
